
Microsoft Visual Studio Solution File, Format Version 12.00
# Visual Studio Version 17
VisualStudioVersion = 17.11.35327.3
MinimumVisualStudioVersion = 10.0.40219.1
Project("{FAE04EC0-301F-11D3-BF4B-00C04F79EFBC}") = "LeaveManagementSystemWeb", "LeaveManagementSystemWeb\LeaveManagementSystemWeb.csproj", "{D258B8B0-7A82-446E-B9EE-DF113E1B9404}"
EndProject
Global
	GlobalSection(SolutionConfigurationPlatforms) = preSolution
		Debug|Any CPU = Debug|Any CPU
		Release|Any CPU = Release|Any CPU
	EndGlobalSection
	GlobalSection(ProjectConfigurationPlatforms) = postSolution
		{D258B8B0-7A82-446E-B9EE-DF113E1B9404}.Debug|Any CPU.ActiveCfg = Debug|Any CPU
		{D258B8B0-7A82-446E-B9EE-DF113E1B9404}.Debug|Any CPU.Build.0 = Debug|Any CPU
		{D258B8B0-7A82-446E-B9EE-DF113E1B9404}.Release|Any CPU.ActiveCfg = Release|Any CPU
		{D258B8B0-7A82-446E-B9EE-DF113E1B9404}.Release|Any CPU.Build.0 = Release|Any CPU
	EndGlobalSection
	GlobalSection(SolutionProperties) = preSolution
		HideSolutionNode = FALSE
	EndGlobalSection
	GlobalSection(ExtensibilityGlobals) = postSolution
		SolutionGuid = {6449BC84-F76B-4654-9291-3DC46767D5A3}
	EndGlobalSection
EndGlobal
